// !$*UTF8*$!
{
	archiveVersion = 1;
	classes = {
	};
	objectVersion = 46;
	objects = {

/* Begin PBXBuildFile section */
		5F31B6BD1C3B06F8004A2A92 /* Firebase.framework in Frameworks */ = {isa = PBXBuildFile; fileRef = 5F31B6BC1C3B06F8004A2A92 /* Firebase.framework */; };
		5F31B6BF1C3B078B004A2A92 /* libc++.tbd in Frameworks */ = {isa = PBXBuildFile; fileRef = 5F31B6BE1C3B078B004A2A92 /* libc++.tbd */; };
		5F31B6C11C3B079B004A2A92 /* libicucore.tbd in Frameworks */ = {isa = PBXBuildFile; fileRef = 5F31B6C01C3B079B004A2A92 /* libicucore.tbd */; };
		5F31B6C31C3B07A5004A2A92 /* CFNetwork.framework in Frameworks */ = {isa = PBXBuildFile; fileRef = 5F31B6C21C3B07A5004A2A92 /* CFNetwork.framework */; };
		5F31B6C51C3B07B1004A2A92 /* Security.framework in Frameworks */ = {isa = PBXBuildFile; fileRef = 5F31B6C41C3B07B1004A2A92 /* Security.framework */; };
		5F31B6C71C3B07BC004A2A92 /* SystemConfiguration.framework in Frameworks */ = {isa = PBXBuildFile; fileRef = 5F31B6C61C3B07BC004A2A92 /* SystemConfiguration.framework */; };
		5FB3B0AE1C39E4F200B05B8C /* Bolts.framework in Frameworks */ = {isa = PBXBuildFile; fileRef = 5FB3B0AB1C39E4F200B05B8C /* Bolts.framework */; };
		5FB3B0AF1C39E4F200B05B8C /* FBSDKCoreKit.framework in Frameworks */ = {isa = PBXBuildFile; fileRef = 5FB3B0AC1C39E4F200B05B8C /* FBSDKCoreKit.framework */; };
		5FB3B0B01C39E4F200B05B8C /* FBSDKLoginKit.framework in Frameworks */ = {isa = PBXBuildFile; fileRef = 5FB3B0AD1C39E4F200B05B8C /* FBSDKLoginKit.framework */; };
		5FB3B0B51C3A038800B05B8C /* PichanguerosCollectionViewCell.swift in Sources */ = {isa = PBXBuildFile; fileRef = 5FB3B0B41C3A038800B05B8C /* PichanguerosCollectionViewCell.swift */; };
		5FB3B0B71C3A04E300B05B8C /* PichanguerosCollectionViewController.swift in Sources */ = {isa = PBXBuildFile; fileRef = 5FB3B0B61C3A04E300B05B8C /* PichanguerosCollectionViewController.swift */; };
		5FB3B0B91C3A058D00B05B8C /* Pichanguero.swift in Sources */ = {isa = PBXBuildFile; fileRef = 5FB3B0B81C3A058D00B05B8C /* Pichanguero.swift */; };
		CF3151A71C1BF850001F8F20 /* PichangasViewController.swift in Sources */ = {isa = PBXBuildFile; fileRef = CF3151A61C1BF850001F8F20 /* PichangasViewController.swift */; };
		CF3151AC1C1C03EA001F8F20 /* PichangaTableViewCell.swift in Sources */ = {isa = PBXBuildFile; fileRef = CF3151AB1C1C03EA001F8F20 /* PichangaTableViewCell.swift */; };
		CF52C9461C1B83D700354DFC /* AppDelegate.swift in Sources */ = {isa = PBXBuildFile; fileRef = CF52C9451C1B83D700354DFC /* AppDelegate.swift */; };
		CF52C94B1C1B83D700354DFC /* Main.storyboard in Resources */ = {isa = PBXBuildFile; fileRef = CF52C9491C1B83D700354DFC /* Main.storyboard */; };
		CF52C94D1C1B83D700354DFC /* Assets.xcassets in Resources */ = {isa = PBXBuildFile; fileRef = CF52C94C1C1B83D700354DFC /* Assets.xcassets */; };
		CF52C9501C1B83D700354DFC /* LaunchScreen.storyboard in Resources */ = {isa = PBXBuildFile; fileRef = CF52C94E1C1B83D700354DFC /* LaunchScreen.storyboard */; };
		CF52C9591C1B848600354DFC /* LoginViewController.swift in Sources */ = {isa = PBXBuildFile; fileRef = CF52C9581C1B848600354DFC /* LoginViewController.swift */; };
		CF8A6E981C1FD2EF00E0200B /* Pichanga.swift in Sources */ = {isa = PBXBuildFile; fileRef = CF8A6E971C1FD2EF00E0200B /* Pichanga.swift */; };
/* End PBXBuildFile section */

/* Begin PBXFileReference section */
		5F31B6BC1C3B06F8004A2A92 /* Firebase.framework */ = {isa = PBXFileReference; lastKnownFileType = wrapper.framework; name = Firebase.framework; path = ../../../Librerias/Firebase.framework; sourceTree = "<group>"; };
		5F31B6BE1C3B078B004A2A92 /* libc++.tbd */ = {isa = PBXFileReference; lastKnownFileType = "sourcecode.text-based-dylib-definition"; name = "libc++.tbd"; path = "usr/lib/libc++.tbd"; sourceTree = SDKROOT; };
		5F31B6C01C3B079B004A2A92 /* libicucore.tbd */ = {isa = PBXFileReference; lastKnownFileType = "sourcecode.text-based-dylib-definition"; name = libicucore.tbd; path = usr/lib/libicucore.tbd; sourceTree = SDKROOT; };
		5F31B6C21C3B07A5004A2A92 /* CFNetwork.framework */ = {isa = PBXFileReference; lastKnownFileType = wrapper.framework; name = CFNetwork.framework; path = System/Library/Frameworks/CFNetwork.framework; sourceTree = SDKROOT; };
		5F31B6C41C3B07B1004A2A92 /* Security.framework */ = {isa = PBXFileReference; lastKnownFileType = wrapper.framework; name = Security.framework; path = System/Library/Frameworks/Security.framework; sourceTree = SDKROOT; };
		5F31B6C61C3B07BC004A2A92 /* SystemConfiguration.framework */ = {isa = PBXFileReference; lastKnownFileType = wrapper.framework; name = SystemConfiguration.framework; path = System/Library/Frameworks/SystemConfiguration.framework; sourceTree = SDKROOT; };
		5FB3B0AB1C39E4F200B05B8C /* Bolts.framework */ = {isa = PBXFileReference; lastKnownFileType = wrapper.framework; name = Bolts.framework; path = ../../../Librerias/FacebookSDKs/Bolts.framework; sourceTree = "<group>"; };
		5FB3B0AC1C39E4F200B05B8C /* FBSDKCoreKit.framework */ = {isa = PBXFileReference; lastKnownFileType = wrapper.framework; name = FBSDKCoreKit.framework; path = ../../../Librerias/FacebookSDKs/FBSDKCoreKit.framework; sourceTree = "<group>"; };
		5FB3B0AD1C39E4F200B05B8C /* FBSDKLoginKit.framework */ = {isa = PBXFileReference; lastKnownFileType = wrapper.framework; name = FBSDKLoginKit.framework; path = ../../../Librerias/FacebookSDKs/FBSDKLoginKit.framework; sourceTree = "<group>"; };
		5FB3B0B41C3A038800B05B8C /* PichanguerosCollectionViewCell.swift */ = {isa = PBXFileReference; fileEncoding = 4; lastKnownFileType = sourcecode.swift; name = PichanguerosCollectionViewCell.swift; path = Cells/PichanguerosCollectionViewCell.swift; sourceTree = "<group>"; };
		5FB3B0B61C3A04E300B05B8C /* PichanguerosCollectionViewController.swift */ = {isa = PBXFileReference; fileEncoding = 4; lastKnownFileType = sourcecode.swift; path = PichanguerosCollectionViewController.swift; sourceTree = "<group>"; };
		5FB3B0B81C3A058D00B05B8C /* Pichanguero.swift */ = {isa = PBXFileReference; fileEncoding = 4; lastKnownFileType = sourcecode.swift; path = Pichanguero.swift; sourceTree = "<group>"; };
		CF31519B1C1BA23A001F8F20 /* Bridging-Header.h */ = {isa = PBXFileReference; lastKnownFileType = sourcecode.c.h; path = "Bridging-Header.h"; sourceTree = "<group>"; };
		CF3151A61C1BF850001F8F20 /* PichangasViewController.swift */ = {isa = PBXFileReference; fileEncoding = 4; lastKnownFileType = sourcecode.swift; path = PichangasViewController.swift; sourceTree = "<group>"; };
		CF3151AB1C1C03EA001F8F20 /* PichangaTableViewCell.swift */ = {isa = PBXFileReference; fileEncoding = 4; lastKnownFileType = sourcecode.swift; path = PichangaTableViewCell.swift; sourceTree = "<group>"; };
		CF52C9421C1B83D700354DFC /* PichangasApp.app */ = {isa = PBXFileReference; explicitFileType = wrapper.application; includeInIndex = 0; path = PichangasApp.app; sourceTree = BUILT_PRODUCTS_DIR; };
		CF52C9451C1B83D700354DFC /* AppDelegate.swift */ = {isa = PBXFileReference; lastKnownFileType = sourcecode.swift; path = AppDelegate.swift; sourceTree = "<group>"; };
		CF52C94A1C1B83D700354DFC /* Base */ = {isa = PBXFileReference; lastKnownFileType = file.storyboard; name = Base; path = Base.lproj/Main.storyboard; sourceTree = "<group>"; };
		CF52C94C1C1B83D700354DFC /* Assets.xcassets */ = {isa = PBXFileReference; lastKnownFileType = folder.assetcatalog; path = Assets.xcassets; sourceTree = "<group>"; };
		CF52C94F1C1B83D700354DFC /* Base */ = {isa = PBXFileReference; lastKnownFileType = file.storyboard; name = Base; path = Base.lproj/LaunchScreen.storyboard; sourceTree = "<group>"; };
		CF52C9511C1B83D700354DFC /* Info.plist */ = {isa = PBXFileReference; lastKnownFileType = text.plist.xml; path = Info.plist; sourceTree = "<group>"; };
		CF52C9581C1B848600354DFC /* LoginViewController.swift */ = {isa = PBXFileReference; fileEncoding = 4; lastKnownFileType = sourcecode.swift; path = LoginViewController.swift; sourceTree = "<group>"; };
		CF8A6E971C1FD2EF00E0200B /* Pichanga.swift */ = {isa = PBXFileReference; fileEncoding = 4; lastKnownFileType = sourcecode.swift; name = Pichanga.swift; path = Model/Pichanga.swift; sourceTree = "<group>"; };
/* End PBXFileReference section */

/* Begin PBXFrameworksBuildPhase section */
		CF52C93F1C1B83D700354DFC /* Frameworks */ = {
			isa = PBXFrameworksBuildPhase;
			buildActionMask = 2147483647;
			files = (
				5F31B6C71C3B07BC004A2A92 /* SystemConfiguration.framework in Frameworks */,
				5F31B6C51C3B07B1004A2A92 /* Security.framework in Frameworks */,
				5F31B6C31C3B07A5004A2A92 /* CFNetwork.framework in Frameworks */,
				5F31B6C11C3B079B004A2A92 /* libicucore.tbd in Frameworks */,
				5F31B6BF1C3B078B004A2A92 /* libc++.tbd in Frameworks */,
				5FB3B0AE1C39E4F200B05B8C /* Bolts.framework in Frameworks */,
				5FB3B0AF1C39E4F200B05B8C /* FBSDKCoreKit.framework in Frameworks */,
				5FB3B0B01C39E4F200B05B8C /* FBSDKLoginKit.framework in Frameworks */,
				5F31B6BD1C3B06F8004A2A92 /* Firebase.framework in Frameworks */,
			);
			runOnlyForDeploymentPostprocessing = 0;
		};
/* End PBXFrameworksBuildPhase section */

/* Begin PBXGroup section */
		CF3151AA1C1C03B5001F8F20 /* Cells */ = {
			isa = PBXGroup;
			children = (
				CF3151AB1C1C03EA001F8F20 /* PichangaTableViewCell.swift */,
				5FB3B0B41C3A038800B05B8C /* PichanguerosCollectionViewCell.swift */,
			);
			name = Cells;
			sourceTree = "<group>";
		};
		CF3161491C1B8A04001030F4 /* Frameworks */ = {
			isa = PBXGroup;
			children = (
				5F31B6C61C3B07BC004A2A92 /* SystemConfiguration.framework */,
				5F31B6C41C3B07B1004A2A92 /* Security.framework */,
				5F31B6C21C3B07A5004A2A92 /* CFNetwork.framework */,
				5F31B6C01C3B079B004A2A92 /* libicucore.tbd */,
				5F31B6BE1C3B078B004A2A92 /* libc++.tbd */,
				5F31B6BC1C3B06F8004A2A92 /* Firebase.framework */,
				5FB3B0AB1C39E4F200B05B8C /* Bolts.framework */,
				5FB3B0AC1C39E4F200B05B8C /* FBSDKCoreKit.framework */,
				5FB3B0AD1C39E4F200B05B8C /* FBSDKLoginKit.framework */,
			);
			name = Frameworks;
			sourceTree = "<group>";
		};
		CF52C9391C1B83D700354DFC = {
			isa = PBXGroup;
			children = (
				CF52C9441C1B83D700354DFC /* PichangasApp */,
				CF52C9431C1B83D700354DFC /* Products */,
				CF3161491C1B8A04001030F4 /* Frameworks */,
			);
			sourceTree = "<group>";
		};
		CF52C9431C1B83D700354DFC /* Products */ = {
			isa = PBXGroup;
			children = (
				CF52C9421C1B83D700354DFC /* PichangasApp.app */,
			);
			name = Products;
			sourceTree = "<group>";
		};
		CF52C9441C1B83D700354DFC /* PichangasApp */ = {
			isa = PBXGroup;
			children = (
				CF52C9491C1B83D700354DFC /* Main.storyboard */,
				CF52C9581C1B848600354DFC /* LoginViewController.swift */,
				CF3151A61C1BF850001F8F20 /* PichangasViewController.swift */,
				5FB3B0B61C3A04E300B05B8C /* PichanguerosCollectionViewController.swift */,
				CF31519B1C1BA23A001F8F20 /* Bridging-Header.h */,
				CF3151AA1C1C03B5001F8F20 /* Cells */,
				CF8A6E961C1FD2C700E0200B /* Model */,
				CF52C9571C1B83EC00354DFC /* Supporting Files */,
			);
			path = PichangasApp;
			sourceTree = "<group>";
		};
		CF52C9571C1B83EC00354DFC /* Supporting Files */ = {
			isa = PBXGroup;
			children = (
				CF52C94E1C1B83D700354DFC /* LaunchScreen.storyboard */,
				CF52C9511C1B83D700354DFC /* Info.plist */,
				CF52C94C1C1B83D700354DFC /* Assets.xcassets */,
				CF52C9451C1B83D700354DFC /* AppDelegate.swift */,
			);
			name = "Supporting Files";
			sourceTree = "<group>";
		};
		CF8A6E961C1FD2C700E0200B /* Model */ = {
			isa = PBXGroup;
			children = (
				CF8A6E971C1FD2EF00E0200B /* Pichanga.swift */,
				5FB3B0B81C3A058D00B05B8C /* Pichanguero.swift */,
			);
			name = Model;
			sourceTree = "<group>";
		};
/* End PBXGroup section */

/* Begin PBXNativeTarget section */
		CF52C9411C1B83D700354DFC /* PichangasApp */ = {
			isa = PBXNativeTarget;
			buildConfigurationList = CF52C9541C1B83D700354DFC /* Build configuration list for PBXNativeTarget "PichangasApp" */;
			buildPhases = (
				CF52C93E1C1B83D700354DFC /* Sources */,
				CF52C93F1C1B83D700354DFC /* Frameworks */,
				CF52C9401C1B83D700354DFC /* Resources */,
			);
			buildRules = (
			);
			dependencies = (
			);
			name = PichangasApp;
			productName = PichangasApp;
			productReference = CF52C9421C1B83D700354DFC /* PichangasApp.app */;
			productType = "com.apple.product-type.application";
		};
/* End PBXNativeTarget section */

/* Begin PBXProject section */
		CF52C93A1C1B83D700354DFC /* Project object */ = {
			isa = PBXProject;
			attributes = {
				LastSwiftUpdateCheck = 0710;
				LastUpgradeCheck = 0710;
				ORGANIZATIONNAME = Jsatch;
				TargetAttributes = {
					CF52C9411C1B83D700354DFC = {
						CreatedOnToolsVersion = 7.1.1;
					};
				};
			};
			buildConfigurationList = CF52C93D1C1B83D700354DFC /* Build configuration list for PBXProject "PichangasApp" */;
			compatibilityVersion = "Xcode 3.2";
			developmentRegion = English;
			hasScannedForEncodings = 0;
			knownRegions = (
				en,
				Base,
			);
			mainGroup = CF52C9391C1B83D700354DFC;
			productRefGroup = CF52C9431C1B83D700354DFC /* Products */;
			projectDirPath = "";
			projectRoot = "";
			targets = (
				CF52C9411C1B83D700354DFC /* PichangasApp */,
			);
		};
/* End PBXProject section */

/* Begin PBXResourcesBuildPhase section */
		CF52C9401C1B83D700354DFC /* Resources */ = {
			isa = PBXResourcesBuildPhase;
			buildActionMask = 2147483647;
			files = (
				CF52C9501C1B83D700354DFC /* LaunchScreen.storyboard in Resources */,
				CF52C94D1C1B83D700354DFC /* Assets.xcassets in Resources */,
				CF52C94B1C1B83D700354DFC /* Main.storyboard in Resources */,
			);
			runOnlyForDeploymentPostprocessing = 0;
		};
/* End PBXResourcesBuildPhase section */

/* Begin PBXSourcesBuildPhase section */
		CF52C93E1C1B83D700354DFC /* Sources */ = {
			isa = PBXSourcesBuildPhase;
			buildActionMask = 2147483647;
			files = (
				CF3151AC1C1C03EA001F8F20 /* PichangaTableViewCell.swift in Sources */,
				CF8A6E981C1FD2EF00E0200B /* Pichanga.swift in Sources */,
				5FB3B0B91C3A058D00B05B8C /* Pichanguero.swift in Sources */,
				5FB3B0B51C3A038800B05B8C /* PichanguerosCollectionViewCell.swift in Sources */,
				5FB3B0B71C3A04E300B05B8C /* PichanguerosCollectionViewController.swift in Sources */,
				CF52C9591C1B848600354DFC /* LoginViewController.swift in Sources */,
				CF52C9461C1B83D700354DFC /* AppDelegate.swift in Sources */,
				CF3151A71C1BF850001F8F20 /* PichangasViewController.swift in Sources */,
			);
			runOnlyForDeploymentPostprocessing = 0;
		};
/* End PBXSourcesBuildPhase section */

/* Begin PBXVariantGroup section */
		CF52C9491C1B83D700354DFC /* Main.storyboard */ = {
			isa = PBXVariantGroup;
			children = (
				CF52C94A1C1B83D700354DFC /* Base */,
			);
			name = Main.storyboard;
			sourceTree = "<group>";
		};
		CF52C94E1C1B83D700354DFC /* LaunchScreen.storyboard */ = {
			isa = PBXVariantGroup;
			children = (
				CF52C94F1C1B83D700354DFC /* Base */,
			);
			name = LaunchScreen.storyboard;
			sourceTree = "<group>";
		};
/* End PBXVariantGroup section */

/* Begin XCBuildConfiguration section */
		CF52C9521C1B83D700354DFC /* Debug */ = {
			isa = XCBuildConfiguration;
			buildSettings = {
				ALWAYS_SEARCH_USER_PATHS = NO;
				CLANG_CXX_LANGUAGE_STANDARD = "gnu++0x";
				CLANG_CXX_LIBRARY = "libc++";
				CLANG_ENABLE_MODULES = YES;
				CLANG_ENABLE_OBJC_ARC = YES;
				CLANG_WARN_BOOL_CONVERSION = YES;
				CLANG_WARN_CONSTANT_CONVERSION = YES;
				CLANG_WARN_DIRECT_OBJC_ISA_USAGE = YES_ERROR;
				CLANG_WARN_EMPTY_BODY = YES;
				CLANG_WARN_ENUM_CONVERSION = YES;
				CLANG_WARN_INT_CONVERSION = YES;
				CLANG_WARN_OBJC_ROOT_CLASS = YES_ERROR;
				CLANG_WARN_UNREACHABLE_CODE = YES;
				CLANG_WARN__DUPLICATE_METHOD_MATCH = YES;
				"CODE_SIGN_IDENTITY[sdk=iphoneos*]" = "iPhone Developer";
				COPY_PHASE_STRIP = NO;
				DEBUG_INFORMATION_FORMAT = dwarf;
				ENABLE_STRICT_OBJC_MSGSEND = YES;
				ENABLE_TESTABILITY = YES;
				GCC_C_LANGUAGE_STANDARD = gnu99;
				GCC_DYNAMIC_NO_PIC = NO;
				GCC_NO_COMMON_BLOCKS = YES;
				GCC_OPTIMIZATION_LEVEL = 0;
				GCC_PREPROCESSOR_DEFINITIONS = (
					"DEBUG=1",
					"$(inherited)",
				);
				GCC_WARN_64_TO_32_BIT_CONVERSION = YES;
				GCC_WARN_ABOUT_RETURN_TYPE = YES_ERROR;
				GCC_WARN_UNDECLARED_SELECTOR = YES;
				GCC_WARN_UNINITIALIZED_AUTOS = YES_AGGRESSIVE;
				GCC_WARN_UNUSED_FUNCTION = YES;
				GCC_WARN_UNUSED_VARIABLE = YES;
				IPHONEOS_DEPLOYMENT_TARGET = 9.1;
				MTL_ENABLE_DEBUG_INFO = YES;
				ONLY_ACTIVE_ARCH = YES;
				SDKROOT = iphoneos;
				SWIFT_OBJC_BRIDGING_HEADER = "PichangasApp/Bridging-Header.h";
				SWIFT_OPTIMIZATION_LEVEL = "-Onone";
				TARGETED_DEVICE_FAMILY = "1,2";
			};
			name = Debug;
		};
		CF52C9531C1B83D700354DFC /* Release */ = {
			isa = XCBuildConfiguration;
			buildSettings = {
				ALWAYS_SEARCH_USER_PATHS = NO;
				CLANG_CXX_LANGUAGE_STANDARD = "gnu++0x";
				CLANG_CXX_LIBRARY = "libc++";
				CLANG_ENABLE_MODULES = YES;
				CLANG_ENABLE_OBJC_ARC = YES;
				CLANG_WARN_BOOL_CONVERSION = YES;
				CLANG_WARN_CONSTANT_CONVERSION = YES;
				CLANG_WARN_DIRECT_OBJC_ISA_USAGE = YES_ERROR;
				CLANG_WARN_EMPTY_BODY = YES;
				CLANG_WARN_ENUM_CONVERSION = YES;
				CLANG_WARN_INT_CONVERSION = YES;
				CLANG_WARN_OBJC_ROOT_CLASS = YES_ERROR;
				CLANG_WARN_UNREACHABLE_CODE = YES;
				CLANG_WARN__DUPLICATE_METHOD_MATCH = YES;
				"CODE_SIGN_IDENTITY[sdk=iphoneos*]" = "iPhone Developer";
				COPY_PHASE_STRIP = NO;
				DEBUG_INFORMATION_FORMAT = "dwarf-with-dsym";
				ENABLE_NS_ASSERTIONS = NO;
				ENABLE_STRICT_OBJC_MSGSEND = YES;
				GCC_C_LANGUAGE_STANDARD = gnu99;
				GCC_NO_COMMON_BLOCKS = YES;
				GCC_WARN_64_TO_32_BIT_CONVERSION = YES;
				GCC_WARN_ABOUT_RETURN_TYPE = YES_ERROR;
				GCC_WARN_UNDECLARED_SELECTOR = YES;
				GCC_WARN_UNINITIALIZED_AUTOS = YES_AGGRESSIVE;
				GCC_WARN_UNUSED_FUNCTION = YES;
				GCC_WARN_UNUSED_VARIABLE = YES;
				IPHONEOS_DEPLOYMENT_TARGET = 9.1;
				MTL_ENABLE_DEBUG_INFO = NO;
				SDKROOT = iphoneos;
				SWIFT_OBJC_BRIDGING_HEADER = "PichangasApp/Bridging-Header.h";
				TARGETED_DEVICE_FAMILY = "1,2";
				VALIDATE_PRODUCT = YES;
			};
			name = Release;
		};
		CF52C9551C1B83D700354DFC /* Debug */ = {
			isa = XCBuildConfiguration;
			buildSettings = {
				ASSETCATALOG_COMPILER_APPICON_NAME = AppIcon;
				FRAMEWORK_SEARCH_PATHS = (
					/Users/hernan/development/ios/Librerias/FacebookSDKs,
					/Users/hernan/development/ios/Librerias,
				);
				INFOPLIST_FILE = PichangasApp/Info.plist;
				LD_RUNPATH_SEARCH_PATHS = "$(inherited) @executable_path/Frameworks";
				PRODUCT_BUNDLE_IDENTIFIER = com.jsatch.PichangasApp;
				PRODUCT_NAME = "$(TARGET_NAME)";
				SWIFT_OBJC_BRIDGING_HEADER = "PichangasApp/Bridging-Header.h";
			};
			name = Debug;
		};
		CF52C9561C1B83D700354DFC /* Release */ = {
			isa = XCBuildConfiguration;
			buildSettings = {
				ASSETCATALOG_COMPILER_APPICON_NAME = AppIcon;
				FRAMEWORK_SEARCH_PATHS = (
					/Users/hernan/development/ios/Librerias/FacebookSDKs,
					/Users/hernan/development/ios/Librerias,
				);
				INFOPLIST_FILE = PichangasApp/Info.plist;
				LD_RUNPATH_SEARCH_PATHS = "$(inherited) @executable_path/Frameworks";
				PRODUCT_BUNDLE_IDENTIFIER = com.jsatch.PichangasApp;
				PRODUCT_NAME = "$(TARGET_NAME)";
				SWIFT_OBJC_BRIDGING_HEADER = "PichangasApp/Bridging-Header.h";
			};
			name = Release;
		};
/* End XCBuildConfiguration section */

/* Begin XCConfigurationList section */
		CF52C93D1C1B83D700354DFC /* Build configuration list for PBXProject "PichangasApp" */ = {
			isa = XCConfigurationList;
			buildConfigurations = (
				CF52C9521C1B83D700354DFC /* Debug */,
				CF52C9531C1B83D700354DFC /* Release */,
			);
			defaultConfigurationIsVisible = 0;
			defaultConfigurationName = Release;
		};
		CF52C9541C1B83D700354DFC /* Build configuration list for PBXNativeTarget "PichangasApp" */ = {
			isa = XCConfigurationList;
			buildConfigurations = (
				CF52C9551C1B83D700354DFC /* Debug */,
				CF52C9561C1B83D700354DFC /* Release */,
			);
			defaultConfigurationIsVisible = 0;
			defaultConfigurationName = Release;
		};
/* End XCConfigurationList section */
	};
	rootObject = CF52C93A1C1B83D700354DFC /* Project object */;
}
